{
  "name": "mascara",
  "version": "0.1.0",
  "lockfileVersion": 2,
  "requires": true,
  "packages": {
    "": {
      "name": "mascara",
      "version": "0.1.0",
      "license": "MIT",
      "workspaces": [
        "packages/core",
        "packages/site"
      ],
      "devDependencies": {
        "prettier": "^2.6.2"
      }
    },
    "node_modules/@mascara/core": {
      "resolved": "packages/core",
      "link": true
    },
    "node_modules/@rempartirien/site": {
      "resolved": "packages/site",
      "link": true
    },
    "node_modules/prettier": {
      "version": "2.6.2",
      "resolved": "https://registry.npmjs.org/prettier/-/prettier-2.6.2.tgz",
      "integrity": "sha512-PkUpF+qoXTqhOeWL9fu7As8LXsIUZ1WYaJiY/a7McAQzxjk82OF0tibkFXVCDImZtWxbvojFjerkiLb0/q8mew==",
      "dev": true,
      "bin": {
        "prettier": "bin-prettier.js"
      },
      "engines": {
        "node": ">=10.13.0"
      },
      "funding": {
        "url": "https://github.com/prettier/prettier?sponsor=1"
      }
    },
    "packages/core": {
      "name": "@mascara/core",
      "version": "0.1.0",
      "license": "MIT"
    },
    "packages/site": {
      "name": "@rempartirien/site",
      "version": "0.1.0",
      "license": "MIT"
    }
  },
  "dependencies": {
    "@mascara/core": {
      "version": "file:packages/core"
    },
    "@rempartirien/site": {
      "version": "file:packages/site"
    },
    "prettier": {
      "version": "2.6.2",
      "resolved": "https://registry.npmjs.org/prettier/-/prettier-2.6.2.tgz",
      "integrity": "sha512-PkUpF+qoXTqhOeWL9fu7As8LXsIUZ1WYaJiY/a7McAQzxjk82OF0tibkFXVCDImZtWxbvojFjerkiLb0/q8mew==",
      "dev": true
    }
  }
}
